
Microsoft Visual Studio Solution File, Format Version 12.00
# Visual Studio Version 16
VisualStudioVersion = 16.0.29324.140
MinimumVisualStudioVersion = 10.0.40219.1
Project("{FAE04EC0-301F-11D3-BF4B-00C04F79EFBC}") = "Carne", "Carne\Carne.csproj", "{4AEC863A-21A1-41FB-BF66-C937458436B3}"
EndProject
Project("{FAE04EC0-301F-11D3-BF4B-00C04F79EFBC}") = "Carne.iOS", "Carne.iOS\Carne.iOS.csproj", "{71CD15BC-E6DE-42B9-B0E2-15771E894317}"
EndProject
Project("{FAE04EC0-301F-11D3-BF4B-00C04F79EFBC}") = "Carne.Android", "Carne.Android\Carne.Android.csproj", "{8C21DE8B-9950-45CD-BB69-DB1662693888}"
EndProject
Project("{FAE04EC0-301F-11D3-BF4B-00C04F79EFBC}") = "Carne.UWP", "Carne.UWP\Carne.UWP.csproj", "{9216213F-1705-4B04-A1E7-53FAFDD23BC0}"
EndProject
Global
	GlobalSection(SolutionConfigurationPlatforms) = preSolution
		Ad-Hoc|Any CPU = Ad-Hoc|Any CPU
		Ad-Hoc|ARM = Ad-Hoc|ARM
		Ad-Hoc|iPhone = Ad-Hoc|iPhone
		Ad-Hoc|iPhoneSimulator = Ad-Hoc|iPhoneSimulator
		Ad-Hoc|x64 = Ad-Hoc|x64
		Ad-Hoc|x86 = Ad-Hoc|x86
		AppStore|Any CPU = AppStore|Any CPU
		AppStore|ARM = AppStore|ARM
		AppStore|iPhone = AppStore|iPhone
		AppStore|iPhoneSimulator = AppStore|iPhoneSimulator
		AppStore|x64 = AppStore|x64
		AppStore|x86 = AppStore|x86
		Debug|Any CPU = Debug|Any CPU
		Debug|ARM = Debug|ARM
		Debug|iPhone = Debug|iPhone
		Debug|iPhoneSimulator = Debug|iPhoneSimulator
		Debug|x64 = Debug|x64
		Debug|x86 = Debug|x86
		Release|Any CPU = Release|Any CPU
		Release|ARM = Release|ARM
		Release|iPhone = Release|iPhone
		Release|iPhoneSimulator = Release|iPhoneSimulator
		Release|x64 = Release|x64
		Release|x86 = Release|x86
	EndGlobalSection
	GlobalSection(ProjectConfigurationPlatforms) = postSolution
		{4AEC863A-21A1-41FB-BF66-C937458436B3}.Ad-Hoc|Any CPU.ActiveCfg = Debug|Any CPU
		{4AEC863A-21A1-41FB-BF66-C937458436B3}.Ad-Hoc|Any CPU.Build.0 = Debug|Any CPU
		{4AEC863A-21A1-41FB-BF66-C937458436B3}.Ad-Hoc|ARM.ActiveCfg = Debug|Any CPU
		{4AEC863A-21A1-41FB-BF66-C937458436B3}.Ad-Hoc|ARM.Build.0 = Debug|Any CPU
		{4AEC863A-21A1-41FB-BF66-C937458436B3}.Ad-Hoc|iPhone.ActiveCfg = Debug|Any CPU
		{4AEC863A-21A1-41FB-BF66-C937458436B3}.Ad-Hoc|iPhone.Build.0 = Debug|Any CPU
		{4AEC863A-21A1-41FB-BF66-C937458436B3}.Ad-Hoc|iPhoneSimulator.ActiveCfg = Debug|Any CPU
		{4AEC863A-21A1-41FB-BF66-C937458436B3}.Ad-Hoc|iPhoneSimulator.Build.0 = Debug|Any CPU
		{4AEC863A-21A1-41FB-BF66-C937458436B3}.Ad-Hoc|x64.ActiveCfg = Debug|Any CPU
		{4AEC863A-21A1-41FB-BF66-C937458436B3}.Ad-Hoc|x64.Build.0 = Debug|Any CPU
		{4AEC863A-21A1-41FB-BF66-C937458436B3}.Ad-Hoc|x86.ActiveCfg = Debug|Any CPU
		{4AEC863A-21A1-41FB-BF66-C937458436B3}.Ad-Hoc|x86.Build.0 = Debug|Any CPU
		{4AEC863A-21A1-41FB-BF66-C937458436B3}.AppStore|Any CPU.ActiveCfg = Debug|Any CPU
		{4AEC863A-21A1-41FB-BF66-C937458436B3}.AppStore|Any CPU.Build.0 = Debug|Any CPU
		{4AEC863A-21A1-41FB-BF66-C937458436B3}.AppStore|ARM.ActiveCfg = Debug|Any CPU
		{4AEC863A-21A1-41FB-BF66-C937458436B3}.AppStore|ARM.Build.0 = Debug|Any CPU
		{4AEC863A-21A1-41FB-BF66-C937458436B3}.AppStore|iPhone.ActiveCfg = Debug|Any CPU
		{4AEC863A-21A1-41FB-BF66-C937458436B3}.AppStore|iPhone.Build.0 = Debug|Any CPU
		{4AEC863A-21A1-41FB-BF66-C937458436B3}.AppStore|iPhoneSimulator.ActiveCfg = Debug|Any CPU
		{4AEC863A-21A1-41FB-BF66-C937458436B3}.AppStore|iPhoneSimulator.Build.0 = Debug|Any CPU
		{4AEC863A-21A1-41FB-BF66-C937458436B3}.AppStore|x64.ActiveCfg = Debug|Any CPU
		{4AEC863A-21A1-41FB-BF66-C937458436B3}.AppStore|x64.Build.0 = Debug|Any CPU
		{4AEC863A-21A1-41FB-BF66-C937458436B3}.AppStore|x86.ActiveCfg = Debug|Any CPU
		{4AEC863A-21A1-41FB-BF66-C937458436B3}.AppStore|x86.Build.0 = Debug|Any CPU
		{4AEC863A-21A1-41FB-BF66-C937458436B3}.Debug|Any CPU.ActiveCfg = Debug|Any CPU
		{4AEC863A-21A1-41FB-BF66-C937458436B3}.Debug|Any CPU.Build.0 = Debug|Any CPU
		{4AEC863A-21A1-41FB-BF66-C937458436B3}.Debug|ARM.ActiveCfg = Debug|Any CPU
		{4AEC863A-21A1-41FB-BF66-C937458436B3}.Debug|ARM.Build.0 = Debug|Any CPU
		{4AEC863A-21A1-41FB-BF66-C937458436B3}.Debug|iPhone.ActiveCfg = Debug|Any CPU
		{4AEC863A-21A1-41FB-BF66-C937458436B3}.Debug|iPhone.Build.0 = Debug|Any CPU
		{4AEC863A-21A1-41FB-BF66-C937458436B3}.Debug|iPhoneSimulator.ActiveCfg = Debug|Any CPU
		{4AEC863A-21A1-41FB-BF66-C937458436B3}.Debug|iPhoneSimulator.Build.0 = Debug|Any CPU
		{4AEC863A-21A1-41FB-BF66-C937458436B3}.Debug|x64.ActiveCfg = Debug|Any CPU
		{4AEC863A-21A1-41FB-BF66-C937458436B3}.Debug|x64.Build.0 = Debug|Any CPU
		{4AEC863A-21A1-41FB-BF66-C937458436B3}.Debug|x86.ActiveCfg = Debug|Any CPU
		{4AEC863A-21A1-41FB-BF66-C937458436B3}.Debug|x86.Build.0 = Debug|Any CPU
		{4AEC863A-21A1-41FB-BF66-C937458436B3}.Release|Any CPU.ActiveCfg = Release|Any CPU
		{4AEC863A-21A1-41FB-BF66-C937458436B3}.Release|Any CPU.Build.0 = Release|Any CPU
		{4AEC863A-21A1-41FB-BF66-C937458436B3}.Release|ARM.ActiveCfg = Release|Any CPU
		{4AEC863A-21A1-41FB-BF66-C937458436B3}.Release|ARM.Build.0 = Release|Any CPU
		{4AEC863A-21A1-41FB-BF66-C937458436B3}.Release|iPhone.ActiveCfg = Release|Any CPU
		{4AEC863A-21A1-41FB-BF66-C937458436B3}.Release|iPhone.Build.0 = Release|Any CPU
		{4AEC863A-21A1-41FB-BF66-C937458436B3}.Release|iPhoneSimulator.ActiveCfg = Release|Any CPU
		{4AEC863A-21A1-41FB-BF66-C937458436B3}.Release|iPhoneSimulator.Build.0 = Release|Any CPU
		{4AEC863A-21A1-41FB-BF66-C937458436B3}.Release|x64.ActiveCfg = Release|Any CPU
		{4AEC863A-21A1-41FB-BF66-C937458436B3}.Release|x64.Build.0 = Release|Any CPU
		{4AEC863A-21A1-41FB-BF66-C937458436B3}.Release|x86.ActiveCfg = Release|Any CPU
		{4AEC863A-21A1-41FB-BF66-C937458436B3}.Release|x86.Build.0 = Release|Any CPU
		{71CD15BC-E6DE-42B9-B0E2-15771E894317}.Ad-Hoc|Any CPU.ActiveCfg = Ad-Hoc|iPhone
		{71CD15BC-E6DE-42B9-B0E2-15771E894317}.Ad-Hoc|ARM.ActiveCfg = Ad-Hoc|iPhone
		{71CD15BC-E6DE-42B9-B0E2-15771E894317}.Ad-Hoc|iPhone.ActiveCfg = Ad-Hoc|iPhone
		{71CD15BC-E6DE-42B9-B0E2-15771E894317}.Ad-Hoc|iPhone.Build.0 = Ad-Hoc|iPhone
		{71CD15BC-E6DE-42B9-B0E2-15771E894317}.Ad-Hoc|iPhoneSimulator.ActiveCfg = Ad-Hoc|iPhoneSimulator
		{71CD15BC-E6DE-42B9-B0E2-15771E894317}.Ad-Hoc|iPhoneSimulator.Build.0 = Ad-Hoc|iPhoneSimulator
		{71CD15BC-E6DE-42B9-B0E2-15771E894317}.Ad-Hoc|x64.ActiveCfg = Ad-Hoc|iPhone
		{71CD15BC-E6DE-42B9-B0E2-15771E894317}.Ad-Hoc|x86.ActiveCfg = Ad-Hoc|iPhone
		{71CD15BC-E6DE-42B9-B0E2-15771E894317}.AppStore|Any CPU.ActiveCfg = AppStore|iPhone
		{71CD15BC-E6DE-42B9-B0E2-15771E894317}.AppStore|ARM.ActiveCfg = AppStore|iPhone
		{71CD15BC-E6DE-42B9-B0E2-15771E894317}.AppStore|iPhone.ActiveCfg = AppStore|iPhone
		{71CD15BC-E6DE-42B9-B0E2-15771E894317}.AppStore|iPhone.Build.0 = AppStore|iPhone
		{71CD15BC-E6DE-42B9-B0E2-15771E894317}.AppStore|iPhoneSimulator.ActiveCfg = AppStore|iPhoneSimulator
		{71CD15BC-E6DE-42B9-B0E2-15771E894317}.AppStore|iPhoneSimulator.Build.0 = AppStore|iPhoneSimulator
		{71CD15BC-E6DE-42B9-B0E2-15771E894317}.AppStore|x64.ActiveCfg = AppStore|iPhone
		{71CD15BC-E6DE-42B9-B0E2-15771E894317}.AppStore|x86.ActiveCfg = AppStore|iPhone
		{71CD15BC-E6DE-42B9-B0E2-15771E894317}.Debug|Any CPU.ActiveCfg = Debug|iPhone
		{71CD15BC-E6DE-42B9-B0E2-15771E894317}.Debug|ARM.ActiveCfg = Debug|iPhone
		{71CD15BC-E6DE-42B9-B0E2-15771E894317}.Debug|iPhone.ActiveCfg = Debug|iPhone
		{71CD15BC-E6DE-42B9-B0E2-15771E894317}.Debug|iPhone.Build.0 = Debug|iPhone
		{71CD15BC-E6DE-42B9-B0E2-15771E894317}.Debug|iPhoneSimulator.ActiveCfg = Debug|iPhoneSimulator
		{71CD15BC-E6DE-42B9-B0E2-15771E894317}.Debug|iPhoneSimulator.Build.0 = Debug|iPhoneSimulator
		{71CD15BC-E6DE-42B9-B0E2-15771E894317}.Debug|x64.ActiveCfg = Debug|iPhone
		{71CD15BC-E6DE-42B9-B0E2-15771E894317}.Debug|x86.ActiveCfg = Debug|iPhone
		{71CD15BC-E6DE-42B9-B0E2-15771E894317}.Release|Any CPU.ActiveCfg = Release|iPhone
		{71CD15BC-E6DE-42B9-B0E2-15771E894317}.Release|ARM.ActiveCfg = Release|iPhone
		{71CD15BC-E6DE-42B9-B0E2-15771E894317}.Release|iPhone.ActiveCfg = Release|iPhone
		{71CD15BC-E6DE-42B9-B0E2-15771E894317}.Release|iPhone.Build.0 = Release|iPhone
		{71CD15BC-E6DE-42B9-B0E2-15771E894317}.Release|iPhoneSimulator.ActiveCfg = Release|iPhoneSimulator
		{71CD15BC-E6DE-42B9-B0E2-15771E894317}.Release|iPhoneSimulator.Build.0 = Release|iPhoneSimulator
		{71CD15BC-E6DE-42B9-B0E2-15771E894317}.Release|x64.ActiveCfg = Release|iPhone
		{71CD15BC-E6DE-42B9-B0E2-15771E894317}.Release|x86.ActiveCfg = Release|iPhone
		{8C21DE8B-9950-45CD-BB69-DB1662693888}.Ad-Hoc|Any CPU.ActiveCfg = Release|Any CPU
		{8C21DE8B-9950-45CD-BB69-DB1662693888}.Ad-Hoc|Any CPU.Build.0 = Release|Any CPU
		{8C21DE8B-9950-45CD-BB69-DB1662693888}.Ad-Hoc|Any CPU.Deploy.0 = Release|Any CPU
		{8C21DE8B-9950-45CD-BB69-DB1662693888}.Ad-Hoc|ARM.ActiveCfg = Release|Any CPU
		{8C21DE8B-9950-45CD-BB69-DB1662693888}.Ad-Hoc|ARM.Build.0 = Release|Any CPU
		{8C21DE8B-9950-45CD-BB69-DB1662693888}.Ad-Hoc|ARM.Deploy.0 = Release|Any CPU
		{8C21DE8B-9950-45CD-BB69-DB1662693888}.Ad-Hoc|iPhone.ActiveCfg = Release|Any CPU
		{8C21DE8B-9950-45CD-BB69-DB1662693888}.Ad-Hoc|iPhone.Build.0 = Release|Any CPU
		{8C21DE8B-9950-45CD-BB69-DB1662693888}.Ad-Hoc|iPhone.Deploy.0 = Release|Any CPU
		{8C21DE8B-9950-45CD-BB69-DB1662693888}.Ad-Hoc|iPhoneSimulator.ActiveCfg = Release|Any CPU
		{8C21DE8B-9950-45CD-BB69-DB1662693888}.Ad-Hoc|iPhoneSimulator.Build.0 = Release|Any CPU
		{8C21DE8B-9950-45CD-BB69-DB1662693888}.Ad-Hoc|iPhoneSimulator.Deploy.0 = Release|Any CPU
		{8C21DE8B-9950-45CD-BB69-DB1662693888}.Ad-Hoc|x64.ActiveCfg = Release|Any CPU
		{8C21DE8B-9950-45CD-BB69-DB1662693888}.Ad-Hoc|x64.Build.0 = Release|Any CPU
		{8C21DE8B-9950-45CD-BB69-DB1662693888}.Ad-Hoc|x64.Deploy.0 = Release|Any CPU
		{8C21DE8B-9950-45CD-BB69-DB1662693888}.Ad-Hoc|x86.ActiveCfg = Release|Any CPU
		{8C21DE8B-9950-45CD-BB69-DB1662693888}.Ad-Hoc|x86.Build.0 = Release|Any CPU
		{8C21DE8B-9950-45CD-BB69-DB1662693888}.Ad-Hoc|x86.Deploy.0 = Release|Any CPU
		{8C21DE8B-9950-45CD-BB69-DB1662693888}.AppStore|Any CPU.ActiveCfg = Release|Any CPU
		{8C21DE8B-9950-45CD-BB69-DB1662693888}.AppStore|Any CPU.Build.0 = Release|Any CPU
		{8C21DE8B-9950-45CD-BB69-DB1662693888}.AppStore|Any CPU.Deploy.0 = Release|Any CPU
		{8C21DE8B-9950-45CD-BB69-DB1662693888}.AppStore|ARM.ActiveCfg = Release|Any CPU
		{8C21DE8B-9950-45CD-BB69-DB1662693888}.AppStore|ARM.Build.0 = Release|Any CPU
		{8C21DE8B-9950-45CD-BB69-DB1662693888}.AppStore|ARM.Deploy.0 = Release|Any CPU
		{8C21DE8B-9950-45CD-BB69-DB1662693888}.AppStore|iPhone.ActiveCfg = Release|Any CPU
		{8C21DE8B-9950-45CD-BB69-DB1662693888}.AppStore|iPhone.Build.0 = Release|Any CPU
		{8C21DE8B-9950-45CD-BB69-DB1662693888}.AppStore|iPhone.Deploy.0 = Release|Any CPU
		{8C21DE8B-9950-45CD-BB69-DB1662693888}.AppStore|iPhoneSimulator.ActiveCfg = Release|Any CPU
		{8C21DE8B-9950-45CD-BB69-DB1662693888}.AppStore|iPhoneSimulator.Build.0 = Release|Any CPU
		{8C21DE8B-9950-45CD-BB69-DB1662693888}.AppStore|iPhoneSimulator.Deploy.0 = Release|Any CPU
		{8C21DE8B-9950-45CD-BB69-DB1662693888}.AppStore|x64.ActiveCfg = Release|Any CPU
		{8C21DE8B-9950-45CD-BB69-DB1662693888}.AppStore|x64.Build.0 = Release|Any CPU
		{8C21DE8B-9950-45CD-BB69-DB1662693888}.AppStore|x64.Deploy.0 = Release|Any CPU
		{8C21DE8B-9950-45CD-BB69-DB1662693888}.AppStore|x86.ActiveCfg = Release|Any CPU
		{8C21DE8B-9950-45CD-BB69-DB1662693888}.AppStore|x86.Build.0 = Release|Any CPU
		{8C21DE8B-9950-45CD-BB69-DB1662693888}.AppStore|x86.Deploy.0 = Release|Any CPU
		{8C21DE8B-9950-45CD-BB69-DB1662693888}.Debug|Any CPU.ActiveCfg = Debug|Any CPU
		{8C21DE8B-9950-45CD-BB69-DB1662693888}.Debug|Any CPU.Build.0 = Debug|Any CPU
		{8C21DE8B-9950-45CD-BB69-DB1662693888}.Debug|Any CPU.Deploy.0 = Debug|Any CPU
		{8C21DE8B-9950-45CD-BB69-DB1662693888}.Debug|ARM.ActiveCfg = Debug|Any CPU
		{8C21DE8B-9950-45CD-BB69-DB1662693888}.Debug|ARM.Build.0 = Debug|Any CPU
		{8C21DE8B-9950-45CD-BB69-DB1662693888}.Debug|ARM.Deploy.0 = Debug|Any CPU
		{8C21DE8B-9950-45CD-BB69-DB1662693888}.Debug|iPhone.ActiveCfg = Debug|Any CPU
		{8C21DE8B-9950-45CD-BB69-DB1662693888}.Debug|iPhone.Build.0 = Debug|Any CPU
		{8C21DE8B-9950-45CD-BB69-DB1662693888}.Debug|iPhone.Deploy.0 = Debug|Any CPU
		{8C21DE8B-9950-45CD-BB69-DB1662693888}.Debug|iPhoneSimulator.ActiveCfg = Debug|Any CPU
		{8C21DE8B-9950-45CD-BB69-DB1662693888}.Debug|iPhoneSimulator.Build.0 = Debug|Any CPU
		{8C21DE8B-9950-45CD-BB69-DB1662693888}.Debug|iPhoneSimulator.Deploy.0 = Debug|Any CPU
		{8C21DE8B-9950-45CD-BB69-DB1662693888}.Debug|x64.ActiveCfg = Debug|Any CPU
		{8C21DE8B-9950-45CD-BB69-DB1662693888}.Debug|x64.Build.0 = Debug|Any CPU
		{8C21DE8B-9950-45CD-BB69-DB1662693888}.Debug|x64.Deploy.0 = Debug|Any CPU
		{8C21DE8B-9950-45CD-BB69-DB1662693888}.Debug|x86.ActiveCfg = Debug|Any CPU
		{8C21DE8B-9950-45CD-BB69-DB1662693888}.Debug|x86.Build.0 = Debug|Any CPU
		{8C21DE8B-9950-45CD-BB69-DB1662693888}.Debug|x86.Deploy.0 = Debug|Any CPU
		{8C21DE8B-9950-45CD-BB69-DB1662693888}.Release|Any CPU.ActiveCfg = Release|Any CPU
		{8C21DE8B-9950-45CD-BB69-DB1662693888}.Release|Any CPU.Build.0 = Release|Any CPU
		{8C21DE8B-9950-45CD-BB69-DB1662693888}.Release|Any CPU.Deploy.0 = Release|Any CPU
		{8C21DE8B-9950-45CD-BB69-DB1662693888}.Release|ARM.ActiveCfg = Release|Any CPU
		{8C21DE8B-9950-45CD-BB69-DB1662693888}.Release|ARM.Build.0 = Release|Any CPU
		{8C21DE8B-9950-45CD-BB69-DB1662693888}.Release|ARM.Deploy.0 = Release|Any CPU
		{8C21DE8B-9950-45CD-BB69-DB1662693888}.Release|iPhone.ActiveCfg = Release|Any CPU
		{8C21DE8B-9950-45CD-BB69-DB1662693888}.Release|iPhone.Build.0 = Release|Any CPU
		{8C21DE8B-9950-45CD-BB69-DB1662693888}.Release|iPhone.Deploy.0 = Release|Any CPU
		{8C21DE8B-9950-45CD-BB69-DB1662693888}.Release|iPhoneSimulator.ActiveCfg = Release|Any CPU
		{8C21DE8B-9950-45CD-BB69-DB1662693888}.Release|iPhoneSimulator.Build.0 = Release|Any CPU
		{8C21DE8B-9950-45CD-BB69-DB1662693888}.Release|iPhoneSimulator.Deploy.0 = Release|Any CPU
		{8C21DE8B-9950-45CD-BB69-DB1662693888}.Release|x64.ActiveCfg = Release|Any CPU
		{8C21DE8B-9950-45CD-BB69-DB1662693888}.Release|x64.Build.0 = Release|Any CPU
		{8C21DE8B-9950-45CD-BB69-DB1662693888}.Release|x64.Deploy.0 = Release|Any CPU
		{8C21DE8B-9950-45CD-BB69-DB1662693888}.Release|x86.ActiveCfg = Release|Any CPU
		{8C21DE8B-9950-45CD-BB69-DB1662693888}.Release|x86.Build.0 = Release|Any CPU
		{8C21DE8B-9950-45CD-BB69-DB1662693888}.Release|x86.Deploy.0 = Release|Any CPU
		{9216213F-1705-4B04-A1E7-53FAFDD23BC0}.Ad-Hoc|Any CPU.ActiveCfg = Release|x86
		{9216213F-1705-4B04-A1E7-53FAFDD23BC0}.Ad-Hoc|Any CPU.Build.0 = Release|x86
		{9216213F-1705-4B04-A1E7-53FAFDD23BC0}.Ad-Hoc|Any CPU.Deploy.0 = Release|x86
		{9216213F-1705-4B04-A1E7-53FAFDD23BC0}.Ad-Hoc|ARM.ActiveCfg = Release|ARM
		{9216213F-1705-4B04-A1E7-53FAFDD23BC0}.Ad-Hoc|ARM.Build.0 = Release|ARM
		{9216213F-1705-4B04-A1E7-53FAFDD23BC0}.Ad-Hoc|ARM.Deploy.0 = Release|ARM
		{9216213F-1705-4B04-A1E7-53FAFDD23BC0}.Ad-Hoc|iPhone.ActiveCfg = Release|x86
		{9216213F-1705-4B04-A1E7-53FAFDD23BC0}.Ad-Hoc|iPhone.Build.0 = Release|x86
		{9216213F-1705-4B04-A1E7-53FAFDD23BC0}.Ad-Hoc|iPhone.Deploy.0 = Release|x86
		{9216213F-1705-4B04-A1E7-53FAFDD23BC0}.Ad-Hoc|iPhoneSimulator.ActiveCfg = Release|x86
		{9216213F-1705-4B04-A1E7-53FAFDD23BC0}.Ad-Hoc|iPhoneSimulator.Build.0 = Release|x86
		{9216213F-1705-4B04-A1E7-53FAFDD23BC0}.Ad-Hoc|iPhoneSimulator.Deploy.0 = Release|x86
		{9216213F-1705-4B04-A1E7-53FAFDD23BC0}.Ad-Hoc|x64.ActiveCfg = Release|x64
		{9216213F-1705-4B04-A1E7-53FAFDD23BC0}.Ad-Hoc|x64.Build.0 = Release|x64
		{9216213F-1705-4B04-A1E7-53FAFDD23BC0}.Ad-Hoc|x64.Deploy.0 = Release|x64
		{9216213F-1705-4B04-A1E7-53FAFDD23BC0}.Ad-Hoc|x86.ActiveCfg = Release|x86
		{9216213F-1705-4B04-A1E7-53FAFDD23BC0}.Ad-Hoc|x86.Build.0 = Release|x86
		{9216213F-1705-4B04-A1E7-53FAFDD23BC0}.Ad-Hoc|x86.Deploy.0 = Release|x86
		{9216213F-1705-4B04-A1E7-53FAFDD23BC0}.AppStore|Any CPU.ActiveCfg = Release|x86
		{9216213F-1705-4B04-A1E7-53FAFDD23BC0}.AppStore|Any CPU.Build.0 = Release|x86
		{9216213F-1705-4B04-A1E7-53FAFDD23BC0}.AppStore|Any CPU.Deploy.0 = Release|x86
		{9216213F-1705-4B04-A1E7-53FAFDD23BC0}.AppStore|ARM.ActiveCfg = Release|ARM
		{9216213F-1705-4B04-A1E7-53FAFDD23BC0}.AppStore|ARM.Build.0 = Release|ARM
		{9216213F-1705-4B04-A1E7-53FAFDD23BC0}.AppStore|ARM.Deploy.0 = Release|ARM
		{9216213F-1705-4B04-A1E7-53FAFDD23BC0}.AppStore|iPhone.ActiveCfg = Release|x86
		{9216213F-1705-4B04-A1E7-53FAFDD23BC0}.AppStore|iPhone.Build.0 = Release|x86
		{9216213F-1705-4B04-A1E7-53FAFDD23BC0}.AppStore|iPhone.Deploy.0 = Release|x86
		{9216213F-1705-4B04-A1E7-53FAFDD23BC0}.AppStore|iPhoneSimulator.ActiveCfg = Release|x86
		{9216213F-1705-4B04-A1E7-53FAFDD23BC0}.AppStore|iPhoneSimulator.Build.0 = Release|x86
		{9216213F-1705-4B04-A1E7-53FAFDD23BC0}.AppStore|iPhoneSimulator.Deploy.0 = Release|x86
		{9216213F-1705-4B04-A1E7-53FAFDD23BC0}.AppStore|x64.ActiveCfg = Release|x64
		{9216213F-1705-4B04-A1E7-53FAFDD23BC0}.AppStore|x64.Build.0 = Release|x64
		{9216213F-1705-4B04-A1E7-53FAFDD23BC0}.AppStore|x64.Deploy.0 = Release|x64
		{9216213F-1705-4B04-A1E7-53FAFDD23BC0}.AppStore|x86.ActiveCfg = Release|x86
		{9216213F-1705-4B04-A1E7-53FAFDD23BC0}.AppStore|x86.Build.0 = Release|x86
		{9216213F-1705-4B04-A1E7-53FAFDD23BC0}.AppStore|x86.Deploy.0 = Release|x86
		{9216213F-1705-4B04-A1E7-53FAFDD23BC0}.Debug|Any CPU.ActiveCfg = Debug|x86
		{9216213F-1705-4B04-A1E7-53FAFDD23BC0}.Debug|ARM.ActiveCfg = Debug|ARM
		{9216213F-1705-4B04-A1E7-53FAFDD23BC0}.Debug|ARM.Build.0 = Debug|ARM
		{9216213F-1705-4B04-A1E7-53FAFDD23BC0}.Debug|ARM.Deploy.0 = Debug|ARM
		{9216213F-1705-4B04-A1E7-53FAFDD23BC0}.Debug|iPhone.ActiveCfg = Debug|x86
		{9216213F-1705-4B04-A1E7-53FAFDD23BC0}.Debug|iPhoneSimulator.ActiveCfg = Debug|x86
		{9216213F-1705-4B04-A1E7-53FAFDD23BC0}.Debug|x64.ActiveCfg = Debug|x64
		{9216213F-1705-4B04-A1E7-53FAFDD23BC0}.Debug|x64.Build.0 = Debug|x64
		{9216213F-1705-4B04-A1E7-53FAFDD23BC0}.Debug|x64.Deploy.0 = Debug|x64
		{9216213F-1705-4B04-A1E7-53FAFDD23BC0}.Debug|x86.ActiveCfg = Debug|x86
		{9216213F-1705-4B04-A1E7-53FAFDD23BC0}.Debug|x86.Build.0 = Debug|x86
		{9216213F-1705-4B04-A1E7-53FAFDD23BC0}.Debug|x86.Deploy.0 = Debug|x86
		{9216213F-1705-4B04-A1E7-53FAFDD23BC0}.Release|Any CPU.ActiveCfg = Release|x86
		{9216213F-1705-4B04-A1E7-53FAFDD23BC0}.Release|ARM.ActiveCfg = Release|ARM
		{9216213F-1705-4B04-A1E7-53FAFDD23BC0}.Release|ARM.Build.0 = Release|ARM
		{9216213F-1705-4B04-A1E7-53FAFDD23BC0}.Release|ARM.Deploy.0 = Release|ARM
		{9216213F-1705-4B04-A1E7-53FAFDD23BC0}.Release|iPhone.ActiveCfg = Release|x86
		{9216213F-1705-4B04-A1E7-53FAFDD23BC0}.Release|iPhoneSimulator.ActiveCfg = Release|x86
		{9216213F-1705-4B04-A1E7-53FAFDD23BC0}.Release|x64.ActiveCfg = Release|x64
		{9216213F-1705-4B04-A1E7-53FAFDD23BC0}.Release|x64.Build.0 = Release|x64
		{9216213F-1705-4B04-A1E7-53FAFDD23BC0}.Release|x64.Deploy.0 = Release|x64
		{9216213F-1705-4B04-A1E7-53FAFDD23BC0}.Release|x86.ActiveCfg = Release|x86
		{9216213F-1705-4B04-A1E7-53FAFDD23BC0}.Release|x86.Build.0 = Release|x86
		{9216213F-1705-4B04-A1E7-53FAFDD23BC0}.Release|x86.Deploy.0 = Release|x86
	EndGlobalSection
	GlobalSection(SolutionProperties) = preSolution
		HideSolutionNode = FALSE
	EndGlobalSection
	GlobalSection(ExtensibilityGlobals) = postSolution
		SolutionGuid = {C4BBA165-0D21-4C51-A4F4-E70B2C6F265B}
	EndGlobalSection
EndGlobal
